
Microsoft Visual Studio Solution File, Format Version 12.00
# Visual Studio 15
Project("{FAE04EC0-301F-11D3-BF4B-00C04F79EFBC}") = "Capstone1", "Assembly-CSharp.csproj", "{167CCE74-CCB6-4B01-C037-17BF31B0EA01}"
EndProject
Project("{FAE04EC0-301F-11D3-BF4B-00C04F79EFBC}") = "Capstone1", "Assembly-CSharp-Editor.csproj", "{965D4F5D-9492-402F-776A-E48B00182165}"
EndProject
Global
	GlobalSection(SolutionConfigurationPlatforms) = preSolution
		Debug|Any CPU = Debug|Any CPU
		Release|Any CPU = Release|Any CPU
	EndGlobalSection
	GlobalSection(ProjectConfigurationPlatforms) = postSolution
		{167CCE74-CCB6-4B01-C037-17BF31B0EA01}.Debug|Any CPU.ActiveCfg = Debug|Any CPU
		{167CCE74-CCB6-4B01-C037-17BF31B0EA01}.Debug|Any CPU.Build.0 = Debug|Any CPU
		{167CCE74-CCB6-4B01-C037-17BF31B0EA01}.Release|Any CPU.ActiveCfg = Release|Any CPU
		{167CCE74-CCB6-4B01-C037-17BF31B0EA01}.Release|Any CPU.Build.0 = Release|Any CPU
		{965D4F5D-9492-402F-776A-E48B00182165}.Debug|Any CPU.ActiveCfg = Debug|Any CPU
		{965D4F5D-9492-402F-776A-E48B00182165}.Debug|Any CPU.Build.0 = Debug|Any CPU
		{965D4F5D-9492-402F-776A-E48B00182165}.Release|Any CPU.ActiveCfg = Release|Any CPU
		{965D4F5D-9492-402F-776A-E48B00182165}.Release|Any CPU.Build.0 = Release|Any CPU
	EndGlobalSection
	GlobalSection(SolutionProperties) = preSolution
		HideSolutionNode = FALSE
	EndGlobalSection
EndGlobal
